{
    "web": {
        "client_id": "23010515047-9r4nf04gnfd32t9g8qb79dcnlkvklk5p.apps.googleusercontent.com",
        "project_id": "test-395915",
        "auth_uri": "https://accounts.google.com/o/oauth2/auth",
        "token_uri": "https://oauth2.googleapis.com/token",
        "auth_provider_x509_cert_url": "https://www.googleapis.com/oauth2/v1/certs",
        "client_secret": "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",
        "javascript_origins": [
            "http://localhost:3200"
        ]
    }, 
    "content": "abcde" 
}
